
Microsoft Visual Studio Solution File, Format Version 12.00
# Visual Studio Version 17
VisualStudioVersion = 17.5.002.0
MinimumVisualStudioVersion = 10.0.40219.1
Project("{9A19103F-16F7-4668-BE54-9A1E7A4F7556}") = "TP2", "TP2.csproj", "{433602A7-577E-4434-83BF-9ED99B340634}"
EndProject
Global
	GlobalSection(SolutionConfigurationPlatforms) = preSolution
		Debug|Any CPU = Debug|Any CPU
		Release|Any CPU = Release|Any CPU
	EndGlobalSection
	GlobalSection(ProjectConfigurationPlatforms) = postSolution
		{433602A7-577E-4434-83BF-9ED99B340634}.Debug|Any CPU.ActiveCfg = Debug|Any CPU
		{433602A7-577E-4434-83BF-9ED99B340634}.Debug|Any CPU.Build.0 = Debug|Any CPU
		{433602A7-577E-4434-83BF-9ED99B340634}.Release|Any CPU.ActiveCfg = Release|Any CPU
		{433602A7-577E-4434-83BF-9ED99B340634}.Release|Any CPU.Build.0 = Release|Any CPU
	EndGlobalSection
	GlobalSection(SolutionProperties) = preSolution
		HideSolutionNode = FALSE
	EndGlobalSection
	GlobalSection(ExtensibilityGlobals) = postSolution
		SolutionGuid = {A1B76A7A-20B0-4E7B-AA60-BED49006D401}
	EndGlobalSection
EndGlobal
